// !$*UTF8*$!
{
	archiveVersion = 1;
	classes = {
	};
	objectVersion = 56;
	objects = {

/* Begin PBXBuildFile section */
		0319B93F2E9FAC4500619D5E /* AppDelegate.swift in Sources */ = {isa = PBXBuildFile; fileRef = 0319B93E2E9FAC4500619D5E /* AppDelegate.swift */; };
		0319B9412E9FAC4500619D5E /* SceneDelegate.swift in Sources */ = {isa = PBXBuildFile; fileRef = 0319B9402E9FAC4500619D5E /* SceneDelegate.swift */; };
		0319B9482E9FAC4700619D5E /* Assets.xcassets in Resources */ = {isa = PBXBuildFile; fileRef = 0319B9472E9FAC4700619D5E /* Assets.xcassets */; };
		0319B94B2E9FAC4700619D5E /* LaunchScreen.storyboard in Resources */ = {isa = PBXBuildFile; fileRef = 0319B9492E9FAC4700619D5E /* LaunchScreen.storyboard */; };
		0319B9622E9FBB1D00619D5E /* User.swift in Sources */ = {isa = PBXBuildFile; fileRef = 0319B9612E9FBB1D00619D5E /* User.swift */; };
		0319B9662E9FBC1C00619D5E /* ProfileViewModel.swift in Sources */ = {isa = PBXBuildFile; fileRef = 0319B9652E9FBC1C00619D5E /* ProfileViewModel.swift */; };
		0319B9682E9FBC3000619D5E /* StatsViewModel.swift in Sources */ = {isa = PBXBuildFile; fileRef = 0319B9672E9FBC3000619D5E /* StatsViewModel.swift */; };
		0319B96A2E9FBD4000619D5E /* ProfileViewController.swift in Sources */ = {isa = PBXBuildFile; fileRef = 0319B9692E9FBD4000619D5E /* ProfileViewController.swift */; };
		0319B96C2E9FBDAE00619D5E /* Main.storyboard in Resources */ = {isa = PBXBuildFile; fileRef = 0319B96B2E9FBDAE00619D5E /* Main.storyboard */; };
		0319B96E2E9FBF8D00619D5E /* StatsViewController.swift in Sources */ = {isa = PBXBuildFile; fileRef = 0319B96D2E9FBF8D00619D5E /* StatsViewController.swift */; };
/* End PBXBuildFile section */

/* Begin PBXFileReference section */
		0319B93B2E9FAC4500619D5E /* EjercicioMVVM.app */ = {isa = PBXFileReference; explicitFileType = wrapper.application; includeInIndex = 0; path = EjercicioMVVM.app; sourceTree = BUILT_PRODUCTS_DIR; };
		0319B93E2E9FAC4500619D5E /* AppDelegate.swift */ = {isa = PBXFileReference; lastKnownFileType = sourcecode.swift; path = AppDelegate.swift; sourceTree = "<group>"; };
		0319B9402E9FAC4500619D5E /* SceneDelegate.swift */ = {isa = PBXFileReference; lastKnownFileType = sourcecode.swift; path = SceneDelegate.swift; sourceTree = "<group>"; };
		0319B9472E9FAC4700619D5E /* Assets.xcassets */ = {isa = PBXFileReference; lastKnownFileType = folder.assetcatalog; path = Assets.xcassets; sourceTree = "<group>"; };
		0319B94A2E9FAC4700619D5E /* Base */ = {isa = PBXFileReference; lastKnownFileType = file.storyboard; name = Base; path = Base.lproj/LaunchScreen.storyboard; sourceTree = "<group>"; };
		0319B94C2E9FAC4700619D5E /* Info.plist */ = {isa = PBXFileReference; lastKnownFileType = text.plist.xml; path = Info.plist; sourceTree = "<group>"; };
		0319B9612E9FBB1D00619D5E /* User.swift */ = {isa = PBXFileReference; lastKnownFileType = sourcecode.swift; path = User.swift; sourceTree = "<group>"; };
		0319B9652E9FBC1C00619D5E /* ProfileViewModel.swift */ = {isa = PBXFileReference; lastKnownFileType = sourcecode.swift; path = ProfileViewModel.swift; sourceTree = "<group>"; };
		0319B9672E9FBC3000619D5E /* StatsViewModel.swift */ = {isa = PBXFileReference; lastKnownFileType = sourcecode.swift; path = StatsViewModel.swift; sourceTree = "<group>"; };
		0319B9692E9FBD4000619D5E /* ProfileViewController.swift */ = {isa = PBXFileReference; lastKnownFileType = sourcecode.swift; path = ProfileViewController.swift; sourceTree = "<group>"; };
		0319B96B2E9FBDAE00619D5E /* Main.storyboard */ = {isa = PBXFileReference; lastKnownFileType = file.storyboard; path = Main.storyboard; sourceTree = "<group>"; };
		0319B96D2E9FBF8D00619D5E /* StatsViewController.swift */ = {isa = PBXFileReference; lastKnownFileType = sourcecode.swift; path = StatsViewController.swift; sourceTree = "<group>"; };
/* End PBXFileReference section */

/* Begin PBXFrameworksBuildPhase section */
		0319B9382E9FAC4500619D5E /* Frameworks */ = {
			isa = PBXFrameworksBuildPhase;
			buildActionMask = 2147483647;
			files = (
			);
			runOnlyForDeploymentPostprocessing = 0;
		};
/* End PBXFrameworksBuildPhase section */

/* Begin PBXGroup section */
		0319B9322E9FAC4500619D5E = {
			isa = PBXGroup;
			children = (
				0319B93D2E9FAC4500619D5E /* EjercicioMVVM */,
				0319B93C2E9FAC4500619D5E /* Products */,
			);
			sourceTree = "<group>";
		};
		0319B93C2E9FAC4500619D5E /* Products */ = {
			isa = PBXGroup;
			children = (
				0319B93B2E9FAC4500619D5E /* EjercicioMVVM.app */,
			);
			name = Products;
			sourceTree = "<group>";
		};
		0319B93D2E9FAC4500619D5E /* EjercicioMVVM */ = {
			isa = PBXGroup;
			children = (
				0319B9642E9FBBDF00619D5E /* Views */,
				0319B9632E9FBBDA00619D5E /* ViewModel */,
				0319B9602E9FBB0E00619D5E /* Model */,
				0319B93E2E9FAC4500619D5E /* AppDelegate.swift */,
				0319B9402E9FAC4500619D5E /* SceneDelegate.swift */,
				0319B9472E9FAC4700619D5E /* Assets.xcassets */,
				0319B9492E9FAC4700619D5E /* LaunchScreen.storyboard */,
				0319B94C2E9FAC4700619D5E /* Info.plist */,
			);
			path = EjercicioMVVM;
			sourceTree = "<group>";
		};
		0319B9602E9FBB0E00619D5E /* Model */ = {
			isa = PBXGroup;
			children = (
				0319B9612E9FBB1D00619D5E /* User.swift */,
			);
			path = Model;
			sourceTree = "<group>";
		};
		0319B9632E9FBBDA00619D5E /* ViewModel */ = {
			isa = PBXGroup;
			children = (
				0319B9652E9FBC1C00619D5E /* ProfileViewModel.swift */,
				0319B9672E9FBC3000619D5E /* StatsViewModel.swift */,
			);
			path = ViewModel;
			sourceTree = "<group>";
		};
		0319B9642E9FBBDF00619D5E /* Views */ = {
			isa = PBXGroup;
			children = (
				0319B9692E9FBD4000619D5E /* ProfileViewController.swift */,
				0319B96B2E9FBDAE00619D5E /* Main.storyboard */,
				0319B96D2E9FBF8D00619D5E /* StatsViewController.swift */,
			);
			path = Views;
			sourceTree = "<group>";
		};
/* End PBXGroup section */

/* Begin PBXNativeTarget section */
		0319B93A2E9FAC4500619D5E /* EjercicioMVVM */ = {
			isa = PBXNativeTarget;
			buildConfigurationList = 0319B94F2E9FAC4700619D5E /* Build configuration list for PBXNativeTarget "EjercicioMVVM" */;
			buildPhases = (
				0319B9372E9FAC4500619D5E /* Sources */,
				0319B9382E9FAC4500619D5E /* Frameworks */,
				0319B9392E9FAC4500619D5E /* Resources */,
			);
			buildRules = (
			);
			dependencies = (
			);
			name = EjercicioMVVM;
			productName = EjercicioMVVM;
			productReference = 0319B93B2E9FAC4500619D5E /* EjercicioMVVM.app */;
			productType = "com.apple.product-type.application";
		};
/* End PBXNativeTarget section */

/* Begin PBXProject section */
		0319B9332E9FAC4500619D5E /* Project object */ = {
			isa = PBXProject;
			attributes = {
				BuildIndependentTargetsInParallel = 1;
				LastSwiftUpdateCheck = 1500;
				LastUpgradeCheck = 1500;
				TargetAttributes = {
					0319B93A2E9FAC4500619D5E = {
						CreatedOnToolsVersion = 15.0;
					};
				};
			};
			buildConfigurationList = 0319B9362E9FAC4500619D5E /* Build configuration list for PBXProject "EjercicioMVVM" */;
			compatibilityVersion = "Xcode 14.0";
			developmentRegion = en;
			hasScannedForEncodings = 0;
			knownRegions = (
				en,
				Base,
			);
			mainGroup = 0319B9322E9FAC4500619D5E;
			productRefGroup = 0319B93C2E9FAC4500619D5E /* Products */;
			projectDirPath = "";
			projectRoot = "";
			targets = (
				0319B93A2E9FAC4500619D5E /* EjercicioMVVM */,
			);
		};
/* End PBXProject section */

/* Begin PBXResourcesBuildPhase section */
		0319B9392E9FAC4500619D5E /* Resources */ = {
			isa = PBXResourcesBuildPhase;
			buildActionMask = 2147483647;
			files = (
				0319B94B2E9FAC4700619D5E /* LaunchScreen.storyboard in Resources */,
				0319B9482E9FAC4700619D5E /* Assets.xcassets in Resources */,
				0319B96C2E9FBDAE00619D5E /* Main.storyboard in Resources */,
			);
			runOnlyForDeploymentPostprocessing = 0;
		};
/* End PBXResourcesBuildPhase section */

/* Begin PBXSourcesBuildPhase section */
		0319B9372E9FAC4500619D5E /* Sources */ = {
			isa = PBXSourcesBuildPhase;
			buildActionMask = 2147483647;
			files = (
				0319B96A2E9FBD4000619D5E /* ProfileViewController.swift in Sources */,
				0319B9682E9FBC3000619D5E /* StatsViewModel.swift in Sources */,
				0319B93F2E9FAC4500619D5E /* AppDelegate.swift in Sources */,
				0319B9412E9FAC4500619D5E /* SceneDelegate.swift in Sources */,
				0319B96E2E9FBF8D00619D5E /* StatsViewController.swift in Sources */,
				0319B9662E9FBC1C00619D5E /* ProfileViewModel.swift in Sources */,
				0319B9622E9FBB1D00619D5E /* User.swift in Sources */,
			);
			runOnlyForDeploymentPostprocessing = 0;
		};
/* End PBXSourcesBuildPhase section */

/* Begin PBXVariantGroup section */
		0319B9492E9FAC4700619D5E /* LaunchScreen.storyboard */ = {
			isa = PBXVariantGroup;
			children = (
				0319B94A2E9FAC4700619D5E /* Base */,
			);
			name = LaunchScreen.storyboard;
			sourceTree = "<group>";
		};
/* End PBXVariantGroup section */

/* Begin XCBuildConfiguration section */
		0319B94D2E9FAC4700619D5E /* Debug */ = {
			isa = XCBuildConfiguration;
			buildSettings = {
				ALWAYS_SEARCH_USER_PATHS = NO;
				ASSETCATALOG_COMPILER_GENERATE_SWIFT_ASSET_SYMBOL_EXTENSIONS = YES;
				CLANG_ANALYZER_NONNULL = YES;
				CLANG_ANALYZER_NUMBER_OBJECT_CONVERSION = YES_AGGRESSIVE;
				CLANG_CXX_LANGUAGE_STANDARD = "gnu++20";
				CLANG_ENABLE_MODULES = YES;
				CLANG_ENABLE_OBJC_ARC = YES;
				CLANG_ENABLE_OBJC_WEAK = YES;
				CLANG_WARN_BLOCK_CAPTURE_AUTORELEASING = YES;
				CLANG_WARN_BOOL_CONVERSION = YES;
				CLANG_WARN_COMMA = YES;
				CLANG_WARN_CONSTANT_CONVERSION = YES;
				CLANG_WARN_DEPRECATED_OBJC_IMPLEMENTATIONS = YES;
				CLANG_WARN_DIRECT_OBJC_ISA_USAGE = YES_ERROR;
				CLANG_WARN_DOCUMENTATION_COMMENTS = YES;
				CLANG_WARN_EMPTY_BODY = YES;
				CLANG_WARN_ENUM_CONVERSION = YES;
				CLANG_WARN_INFINITE_RECURSION = YES;
				CLANG_WARN_INT_CONVERSION = YES;
				CLANG_WARN_NON_LITERAL_NULL_CONVERSION = YES;
				CLANG_WARN_OBJC_IMPLICIT_RETAIN_SELF = YES;
				CLANG_WARN_OBJC_LITERAL_CONVERSION = YES;
				CLANG_WARN_OBJC_ROOT_CLASS = YES_ERROR;
				CLANG_WARN_QUOTED_INCLUDE_IN_FRAMEWORK_HEADER = YES;
				CLANG_WARN_RANGE_LOOP_ANALYSIS = YES;
				CLANG_WARN_STRICT_PROTOTYPES = YES;
				CLANG_WARN_SUSPICIOUS_MOVE = YES;
				CLANG_WARN_UNGUARDED_AVAILABILITY = YES_AGGRESSIVE;
				CLANG_WARN_UNREACHABLE_CODE = YES;
				CLANG_WARN__DUPLICATE_METHOD_MATCH = YES;
				COPY_PHASE_STRIP = NO;
				DEBUG_INFORMATION_FORMAT = dwarf;
				ENABLE_STRICT_OBJC_MSGSEND = YES;
				ENABLE_TESTABILITY = YES;
				ENABLE_USER_SCRIPT_SANDBOXING = YES;
				GCC_C_LANGUAGE_STANDARD = gnu17;
				GCC_DYNAMIC_NO_PIC = NO;
				GCC_NO_COMMON_BLOCKS = YES;
				GCC_OPTIMIZATION_LEVEL = 0;
				GCC_PREPROCESSOR_DEFINITIONS = (
					"DEBUG=1",
					"$(inherited)",
				);
				GCC_WARN_64_TO_32_BIT_CONVERSION = YES;
				GCC_WARN_ABOUT_RETURN_TYPE = YES_ERROR;
				GCC_WARN_UNDECLARED_SELECTOR = YES;
				GCC_WARN_UNINITIALIZED_AUTOS = YES_AGGRESSIVE;
				GCC_WARN_UNUSED_FUNCTION = YES;
				GCC_WARN_UNUSED_VARIABLE = YES;
				IPHONEOS_DEPLOYMENT_TARGET = 17.0;
				LOCALIZATION_PREFERS_STRING_CATALOGS = YES;
				MTL_ENABLE_DEBUG_INFO = INCLUDE_SOURCE;
				MTL_FAST_MATH = YES;
				ONLY_ACTIVE_ARCH = YES;
				SDKROOT = iphoneos;
				SWIFT_ACTIVE_COMPILATION_CONDITIONS = "DEBUG $(inherited)";
				SWIFT_OPTIMIZATION_LEVEL = "-Onone";
			};
			name = Debug;
		};
		0319B94E2E9FAC4700619D5E /* Release */ = {
			isa = XCBuildConfiguration;
			buildSettings = {
				ALWAYS_SEARCH_USER_PATHS = NO;
				ASSETCATALOG_COMPILER_GENERATE_SWIFT_ASSET_SYMBOL_EXTENSIONS = YES;
				CLANG_ANALYZER_NONNULL = YES;
				CLANG_ANALYZER_NUMBER_OBJECT_CONVERSION = YES_AGGRESSIVE;
				CLANG_CXX_LANGUAGE_STANDARD = "gnu++20";
				CLANG_ENABLE_MODULES = YES;
				CLANG_ENABLE_OBJC_ARC = YES;
				CLANG_ENABLE_OBJC_WEAK = YES;
				CLANG_WARN_BLOCK_CAPTURE_AUTORELEASING = YES;
				CLANG_WARN_BOOL_CONVERSION = YES;
				CLANG_WARN_COMMA = YES;
				CLANG_WARN_CONSTANT_CONVERSION = YES;
				CLANG_WARN_DEPRECATED_OBJC_IMPLEMENTATIONS = YES;
				CLANG_WARN_DIRECT_OBJC_ISA_USAGE = YES_ERROR;
				CLANG_WARN_DOCUMENTATION_COMMENTS = YES;
				CLANG_WARN_EMPTY_BODY = YES;
				CLANG_WARN_ENUM_CONVERSION = YES;
				CLANG_WARN_INFINITE_RECURSION = YES;
				CLANG_WARN_INT_CONVERSION = YES;
				CLANG_WARN_NON_LITERAL_NULL_CONVERSION = YES;
				CLANG_WARN_OBJC_IMPLICIT_RETAIN_SELF = YES;
				CLANG_WARN_OBJC_LITERAL_CONVERSION = YES;
				CLANG_WARN_OBJC_ROOT_CLASS = YES_ERROR;
				CLANG_WARN_QUOTED_INCLUDE_IN_FRAMEWORK_HEADER = YES;
				CLANG_WARN_RANGE_LOOP_ANALYSIS = YES;
				CLANG_WARN_STRICT_PROTOTYPES = YES;
				CLANG_WARN_SUSPICIOUS_MOVE = YES;
				CLANG_WARN_UNGUARDED_AVAILABILITY = YES_AGGRESSIVE;
				CLANG_WARN_UNREACHABLE_CODE = YES;
				CLANG_WARN__DUPLICATE_METHOD_MATCH = YES;
				COPY_PHASE_STRIP = NO;
				DEBUG_INFORMATION_FORMAT = "dwarf-with-dsym";
				ENABLE_NS_ASSERTIONS = NO;
				ENABLE_STRICT_OBJC_MSGSEND = YES;
				ENABLE_USER_SCRIPT_SANDBOXING = YES;
				GCC_C_LANGUAGE_STANDARD = gnu17;
				GCC_NO_COMMON_BLOCKS = YES;
				GCC_WARN_64_TO_32_BIT_CONVERSION = YES;
				GCC_WARN_ABOUT_RETURN_TYPE = YES_ERROR;
				GCC_WARN_UNDECLARED_SELECTOR = YES;
				GCC_WARN_UNINITIALIZED_AUTOS = YES_AGGRESSIVE;
				GCC_WARN_UNUSED_FUNCTION = YES;
				GCC_WARN_UNUSED_VARIABLE = YES;
				IPHONEOS_DEPLOYMENT_TARGET = 17.0;
				LOCALIZATION_PREFERS_STRING_CATALOGS = YES;
				MTL_ENABLE_DEBUG_INFO = NO;
				MTL_FAST_MATH = YES;
				SDKROOT = iphoneos;
				SWIFT_COMPILATION_MODE = wholemodule;
				VALIDATE_PRODUCT = YES;
			};
			name = Release;
		};
		0319B9502E9FAC4700619D5E /* Debug */ = {
			isa = XCBuildConfiguration;
			buildSettings = {
				ASSETCATALOG_COMPILER_APPICON_NAME = AppIcon;
				ASSETCATALOG_COMPILER_GLOBAL_ACCENT_COLOR_NAME = AccentColor;
				CODE_SIGN_STYLE = Automatic;
				CURRENT_PROJECT_VERSION = 1;
				GENERATE_INFOPLIST_FILE = YES;
				INFOPLIST_FILE = EjercicioMVVM/Info.plist;
				INFOPLIST_KEY_UIApplicationSupportsIndirectInputEvents = YES;
				INFOPLIST_KEY_UILaunchStoryboardName = LaunchScreen;
				INFOPLIST_KEY_UIMainStoryboardFile = Main;
				INFOPLIST_KEY_UISupportedInterfaceOrientations_iPad = "UIInterfaceOrientationPortrait UIInterfaceOrientationPortraitUpsideDown UIInterfaceOrientationLandscapeLeft UIInterfaceOrientationLandscapeRight";
				INFOPLIST_KEY_UISupportedInterfaceOrientations_iPhone = "UIInterfaceOrientationPortrait UIInterfaceOrientationLandscapeLeft UIInterfaceOrientationLandscapeRight";
				LD_RUNPATH_SEARCH_PATHS = (
					"$(inherited)",
					"@executable_path/Frameworks",
				);
				MARKETING_VERSION = 1.0;
				PRODUCT_BUNDLE_IDENTIFIER = "Universidad-de-Salamanca.EjercicioMVVM";
				PRODUCT_NAME = "$(TARGET_NAME)";
				SWIFT_EMIT_LOC_STRINGS = YES;
				SWIFT_VERSION = 5.0;
				TARGETED_DEVICE_FAMILY = "1,2";
			};
			name = Debug;
		};
		0319B9512E9FAC4700619D5E /* Release */ = {
			isa = XCBuildConfiguration;
			buildSettings = {
				ASSETCATALOG_COMPILER_APPICON_NAME = AppIcon;
				ASSETCATALOG_COMPILER_GLOBAL_ACCENT_COLOR_NAME = AccentColor;
				CODE_SIGN_STYLE = Automatic;
				CURRENT_PROJECT_VERSION = 1;
				GENERATE_INFOPLIST_FILE = YES;
				INFOPLIST_FILE = EjercicioMVVM/Info.plist;
				INFOPLIST_KEY_UIApplicationSupportsIndirectInputEvents = YES;
				INFOPLIST_KEY_UILaunchStoryboardName = LaunchScreen;
				INFOPLIST_KEY_UIMainStoryboardFile = Main;
				INFOPLIST_KEY_UISupportedInterfaceOrientations_iPad = "UIInterfaceOrientationPortrait UIInterfaceOrientationPortraitUpsideDown UIInterfaceOrientationLandscapeLeft UIInterfaceOrientationLandscapeRight";
				INFOPLIST_KEY_UISupportedInterfaceOrientations_iPhone = "UIInterfaceOrientationPortrait UIInterfaceOrientationLandscapeLeft UIInterfaceOrientationLandscapeRight";
				LD_RUNPATH_SEARCH_PATHS = (
					"$(inherited)",
					"@executable_path/Frameworks",
				);
				MARKETING_VERSION = 1.0;
				PRODUCT_BUNDLE_IDENTIFIER = "Universidad-de-Salamanca.EjercicioMVVM";
				PRODUCT_NAME = "$(TARGET_NAME)";
				SWIFT_EMIT_LOC_STRINGS = YES;
				SWIFT_VERSION = 5.0;
				TARGETED_DEVICE_FAMILY = "1,2";
			};
			name = Release;
		};
/* End XCBuildConfiguration section */

/* Begin XCConfigurationList section */
		0319B9362E9FAC4500619D5E /* Build configuration list for PBXProject "EjercicioMVVM" */ = {
			isa = XCConfigurationList;
			buildConfigurations = (
				0319B94D2E9FAC4700619D5E /* Debug */,
				0319B94E2E9FAC4700619D5E /* Release */,
			);
			defaultConfigurationIsVisible = 0;
			defaultConfigurationName = Release;
		};
		0319B94F2E9FAC4700619D5E /* Build configuration list for PBXNativeTarget "EjercicioMVVM" */ = {
			isa = XCConfigurationList;
			buildConfigurations = (
				0319B9502E9FAC4700619D5E /* Debug */,
				0319B9512E9FAC4700619D5E /* Release */,
			);
			defaultConfigurationIsVisible = 0;
			defaultConfigurationName = Release;
		};
/* End XCConfigurationList section */
	};
	rootObject = 0319B9332E9FAC4500619D5E /* Project object */;
}
